
Microsoft Visual Studio Solution File, Format Version 12.00
# Visual Studio Version 16
VisualStudioVersion = 16.0.29201.188
MinimumVisualStudioVersion = 10.0.40219.1
Project("{FAE04EC0-301F-11D3-BF4B-00C04F79EFBC}") = "BFS_Sell_Out_Program", "BFS_Sell_Out_Program.csproj", "{58225A2F-4EDA-47D5-A0D5-50C98ED5A21D}"
EndProject
Global
	GlobalSection(SolutionConfigurationPlatforms) = preSolution
		Debug|Any CPU = Debug|Any CPU
		Release|Any CPU = Release|Any CPU
	EndGlobalSection
	GlobalSection(ProjectConfigurationPlatforms) = postSolution
		{58225A2F-4EDA-47D5-A0D5-50C98ED5A21D}.Debug|Any CPU.ActiveCfg = Debug|Any CPU
		{58225A2F-4EDA-47D5-A0D5-50C98ED5A21D}.Debug|Any CPU.Build.0 = Debug|Any CPU
		{58225A2F-4EDA-47D5-A0D5-50C98ED5A21D}.Release|Any CPU.ActiveCfg = Release|Any CPU
		{58225A2F-4EDA-47D5-A0D5-50C98ED5A21D}.Release|Any CPU.Build.0 = Release|Any CPU
	EndGlobalSection
	GlobalSection(SolutionProperties) = preSolution
		HideSolutionNode = FALSE
	EndGlobalSection
	GlobalSection(ExtensibilityGlobals) = postSolution
		SolutionGuid = {A8DB2FB7-78B2-41E3-A34C-086AD9A7AC1F}
	EndGlobalSection
EndGlobal
